
Microsoft Visual Studio Solution File, Format Version 12.00
# Visual Studio Version 16
VisualStudioVersion = 16.0.30804.86
MinimumVisualStudioVersion = 10.0.40219.1
Project("{9A19103F-16F7-4668-BE54-9A1E7A4F7556}") = "GasInformServiceTestWork", "GasInformServiceTestWork\GasInformServiceTestWork.csproj", "{6BA202E8-3A2B-4366-A947-2692421DAD47}"
EndProject
Project("{9A19103F-16F7-4668-BE54-9A1E7A4F7556}") = "GasInformServiceTestWork.Models", "GasInformServiceTestWork.Models\GasInformServiceTestWork.Models.csproj", "{9E14BF40-ADAA-46AA-9C07-C4A3B0C42A06}"
EndProject
Project("{FAE04EC0-301F-11D3-BF4B-00C04F79EFBC}") = "GasInformServiceTestWork.Managers", "GasInformServiceTestWork.Managers\GasInformServiceTestWork.Managers.csproj", "{6D93D2ED-6A20-4AFF-A5E3-CFFAB9D7E1BC}"
EndProject
Global
	GlobalSection(SolutionConfigurationPlatforms) = preSolution
		Debug|Any CPU = Debug|Any CPU
		Release|Any CPU = Release|Any CPU
	EndGlobalSection
	GlobalSection(ProjectConfigurationPlatforms) = postSolution
		{6BA202E8-3A2B-4366-A947-2692421DAD47}.Debug|Any CPU.ActiveCfg = Debug|Any CPU
		{6BA202E8-3A2B-4366-A947-2692421DAD47}.Debug|Any CPU.Build.0 = Debug|Any CPU
		{6BA202E8-3A2B-4366-A947-2692421DAD47}.Release|Any CPU.ActiveCfg = Release|Any CPU
		{6BA202E8-3A2B-4366-A947-2692421DAD47}.Release|Any CPU.Build.0 = Release|Any CPU
		{9E14BF40-ADAA-46AA-9C07-C4A3B0C42A06}.Debug|Any CPU.ActiveCfg = Debug|Any CPU
		{9E14BF40-ADAA-46AA-9C07-C4A3B0C42A06}.Debug|Any CPU.Build.0 = Debug|Any CPU
		{9E14BF40-ADAA-46AA-9C07-C4A3B0C42A06}.Release|Any CPU.ActiveCfg = Release|Any CPU
		{9E14BF40-ADAA-46AA-9C07-C4A3B0C42A06}.Release|Any CPU.Build.0 = Release|Any CPU
		{6D93D2ED-6A20-4AFF-A5E3-CFFAB9D7E1BC}.Debug|Any CPU.ActiveCfg = Debug|Any CPU
		{6D93D2ED-6A20-4AFF-A5E3-CFFAB9D7E1BC}.Debug|Any CPU.Build.0 = Debug|Any CPU
		{6D93D2ED-6A20-4AFF-A5E3-CFFAB9D7E1BC}.Release|Any CPU.ActiveCfg = Release|Any CPU
		{6D93D2ED-6A20-4AFF-A5E3-CFFAB9D7E1BC}.Release|Any CPU.Build.0 = Release|Any CPU
	EndGlobalSection
	GlobalSection(SolutionProperties) = preSolution
		HideSolutionNode = FALSE
	EndGlobalSection
	GlobalSection(ExtensibilityGlobals) = postSolution
		SolutionGuid = {70A9F493-688D-4E8C-BF41-A9840C7E4378}
	EndGlobalSection
EndGlobal
